Microsoft Visual Studio Solution File, Format Version 12.00
# Visual Studio Version 17
VisualStudioVersion = 17.5.2.0
MinimumVisualStudioVersion = 10.0.40219.1
Project("{2150E333-8FDC-42A3-9474-1A3956D46DE8}") = "DOTNET_FOR_DEVELOPMENT", "DOTNET_FOR_DEVELOPMENT", "{85CCCA91-A200-222F-F989-6E38D75B0637}"
EndProject
Project("{FAE04EC0-301F-11D3-BF4B-00C04F79EFBC}") = "SampleBackend", "DOTNET_FOR_DEVELOPMENT\SampleBackend\SampleBackend.csproj", "{0D443A39-9200-BF91-D1AA-57E0870CD4E0}"
EndProject
Global
	GlobalSection(SolutionConfigurationPlatforms) = preSolution
		Debug|Any CPU = Debug|Any CPU
		Release|Any CPU = Release|Any CPU
	EndGlobalSection
	GlobalSection(ProjectConfigurationPlatforms) = postSolution
		{0D443A39-9200-BF91-D1AA-57E0870CD4E0}.Debug|Any CPU.ActiveCfg = Debug|Any CPU
		{0D443A39-9200-BF91-D1AA-57E0870CD4E0}.Debug|Any CPU.Build.0 = Debug|Any CPU
		{0D443A39-9200-BF91-D1AA-57E0870CD4E0}.Release|Any CPU.ActiveCfg = Release|Any CPU
		{0D443A39-9200-BF91-D1AA-57E0870CD4E0}.Release|Any CPU.Build.0 = Release|Any CPU
	EndGlobalSection
	GlobalSection(SolutionProperties) = preSolution
		HideSolutionNode = FALSE
	EndGlobalSection
	GlobalSection(NestedProjects) = preSolution
		{0D443A39-9200-BF91-D1AA-57E0870CD4E0} = {85CCCA91-A200-222F-F989-6E38D75B0637}
	EndGlobalSection
	GlobalSection(ExtensibilityGlobals) = postSolution
		SolutionGuid = {F2B60993-6B3E-4ACF-BD0A-56784E70A684}
	EndGlobalSection
EndGlobal
